version = 1
revision = 1
requires-python = ">=3.13"

[[package]]
name = "emoji"
version = "2.14.1"
source = { registry = "https://pypi.org/simple" }
sdist = { url = "https://files.pythonhosted.org/packages/cb/7d/01cddcbb6f5cc0ba72e00ddf9b1fa206c802d557fd0a20b18e130edf1336/emoji-2.14.1.tar.gz", hash = "sha256:f8c50043d79a2c1410ebfae833ae1868d5941a67a6cd4d18377e2eb0bd79346b", size = 597182 }
wheels = [
    { url = "https://files.pythonhosted.org/packages/91/db/a0335710caaa6d0aebdaa65ad4df789c15d89b7babd9a30277838a7d9aac/emoji-2.14.1-py3-none-any.whl", hash = "sha256:35a8a486c1460addb1499e3bf7929d3889b2e2841a57401903699fef595e942b", size = 590617 },
]

[[package]]
name = "tcp-socket-chat"
version = "0.1.0"
source = { virtual = "." }
dependencies = [
    { name = "emoji" },
]

[package.metadata]
requires-dist = [{ name = "emoji", specifier = ">=2.14.1" }]
